
Microsoft Visual Studio Solution File, Format Version 12.00
# Visual Studio Version 17
VisualStudioVersion = 17.0.32014.148
MinimumVisualStudioVersion = 10.0.40219.1
Project("{FAE04EC0-301F-11D3-BF4B-00C04F79EFBC}") = "TestPage", "TestPage\TestPage.csproj", "{DB88064E-B121-4E98-AECA-A9697C57732B}"
EndProject
Global
	GlobalSection(SolutionConfigurationPlatforms) = preSolution
		Debug|Any CPU = Debug|Any CPU
		Release|Any CPU = Release|Any CPU
	EndGlobalSection
	GlobalSection(ProjectConfigurationPlatforms) = postSolution
		{DB88064E-B121-4E98-AECA-A9697C57732B}.Debug|Any CPU.ActiveCfg = Debug|Any CPU
		{DB88064E-B121-4E98-AECA-A9697C57732B}.Debug|Any CPU.Build.0 = Debug|Any CPU
		{DB88064E-B121-4E98-AECA-A9697C57732B}.Release|Any CPU.ActiveCfg = Release|Any CPU
		{DB88064E-B121-4E98-AECA-A9697C57732B}.Release|Any CPU.Build.0 = Release|Any CPU
	EndGlobalSection
	GlobalSection(SolutionProperties) = preSolution
		HideSolutionNode = FALSE
	EndGlobalSection
	GlobalSection(ExtensibilityGlobals) = postSolution
		SolutionGuid = {B0B8C3E0-B6E1-4090-9255-EE997041F8A4}
	EndGlobalSection
EndGlobal
